// !$*UTF8*$!
{
	archiveVersion = 1;
	classes = {
	};
	objectVersion = 50;
	objects = {

/* Begin PBXBuildFile section */
		BA4BDDBD2589071B00C91465 /* AppDelegate.swift in Sources */ = {isa = PBXBuildFile; fileRef = BA4BDDBC2589071B00C91465 /* AppDelegate.swift */; };
		BA4BDDBF2589071B00C91465 /* SceneDelegate.swift in Sources */ = {isa = PBXBuildFile; fileRef = BA4BDDBE2589071B00C91465 /* SceneDelegate.swift */; };
		BA4BDDC12589071B00C91465 /* ViewController.swift in Sources */ = {isa = PBXBuildFile; fileRef = BA4BDDC02589071B00C91465 /* ViewController.swift */; };
		BA4BDDC42589071B00C91465 /* Main.storyboard in Resources */ = {isa = PBXBuildFile; fileRef = BA4BDDC22589071B00C91465 /* Main.storyboard */; };
		BA4BDDC62589071C00C91465 /* Assets.xcassets in Resources */ = {isa = PBXBuildFile; fileRef = BA4BDDC52589071C00C91465 /* Assets.xcassets */; };
		BA4BDDC92589071C00C91465 /* LaunchScreen.storyboard in Resources */ = {isa = PBXBuildFile; fileRef = BA4BDDC72589071C00C91465 /* LaunchScreen.storyboard */; };
		BA4BDDD42589071C00C91465 /* BookStoreTests.swift in Sources */ = {isa = PBXBuildFile; fileRef = BA4BDDD32589071C00C91465 /* BookStoreTests.swift */; };
		BA4BDDDF2589071C00C91465 /* BookStoreUITests.swift in Sources */ = {isa = PBXBuildFile; fileRef = BA4BDDDE2589071C00C91465 /* BookStoreUITests.swift */; };
/* End PBXBuildFile section */

/* Begin PBXContainerItemProxy section */
		BA4BDDD02589071C00C91465 /* PBXContainerItemProxy */ = {
			isa = PBXContainerItemProxy;
			containerPortal = BA4BDDB12589071B00C91465 /* Project object */;
			proxyType = 1;
			remoteGlobalIDString = BA4BDDB82589071B00C91465;
			remoteInfo = BookStore;
		};
		BA4BDDDB2589071C00C91465 /* PBXContainerItemProxy */ = {
			isa = PBXContainerItemProxy;
			containerPortal = BA4BDDB12589071B00C91465 /* Project object */;
			proxyType = 1;
			remoteGlobalIDString = BA4BDDB82589071B00C91465;
			remoteInfo = BookStore;
		};
/* End PBXContainerItemProxy section */

/* Begin PBXFileReference section */
		BA4BDDB92589071B00C91465 /* BookStore.app */ = {isa = PBXFileReference; explicitFileType = wrapper.application; includeInIndex = 0; path = BookStore.app; sourceTree = BUILT_PRODUCTS_DIR; };
		BA4BDDBC2589071B00C91465 /* AppDelegate.swift */ = {isa = PBXFileReference; lastKnownFileType = sourcecode.swift; path = AppDelegate.swift; sourceTree = "<group>"; };
		BA4BDDBE2589071B00C91465 /* SceneDelegate.swift */ = {isa = PBXFileReference; lastKnownFileType = sourcecode.swift; path = SceneDelegate.swift; sourceTree = "<group>"; };
		BA4BDDC02589071B00C91465 /* ViewController.swift */ = {isa = PBXFileReference; lastKnownFileType = sourcecode.swift; path = ViewController.swift; sourceTree = "<group>"; };
		BA4BDDC32589071B00C91465 /* Base */ = {isa = PBXFileReference; lastKnownFileType = file.storyboard; name = Base; path = Base.lproj/Main.storyboard; sourceTree = "<group>"; };
		BA4BDDC52589071C00C91465 /* Assets.xcassets */ = {isa = PBXFileReference; lastKnownFileType = folder.assetcatalog; path = Assets.xcassets; sourceTree = "<group>"; };
		BA4BDDC82589071C00C91465 /* Base */ = {isa = PBXFileReference; lastKnownFileType = file.storyboard; name = Base; path = Base.lproj/LaunchScreen.storyboard; sourceTree = "<group>"; };
		BA4BDDCA2589071C00C91465 /* Info.plist */ = {isa = PBXFileReference; lastKnownFileType = text.plist.xml; path = Info.plist; sourceTree = "<group>"; };
		BA4BDDCF2589071C00C91465 /* BookStoreTests.xctest */ = {isa = PBXFileReference; explicitFileType = wrapper.cfbundle; includeInIndex = 0; path = BookStoreTests.xctest; sourceTree = BUILT_PRODUCTS_DIR; };
		BA4BDDD32589071C00C91465 /* BookStoreTests.swift */ = {isa = PBXFileReference; lastKnownFileType = sourcecode.swift; path = BookStoreTests.swift; sourceTree = "<group>"; };
		BA4BDDD52589071C00C91465 /* Info.plist */ = {isa = PBXFileReference; lastKnownFileType = text.plist.xml; path = Info.plist; sourceTree = "<group>"; };
		BA4BDDDA2589071C00C91465 /* BookStoreUITests.xctest */ = {isa = PBXFileReference; explicitFileType = wrapper.cfbundle; includeInIndex = 0; path = BookStoreUITests.xctest; sourceTree = BUILT_PRODUCTS_DIR; };
		BA4BDDDE2589071C00C91465 /* BookStoreUITests.swift */ = {isa = PBXFileReference; lastKnownFileType = sourcecode.swift; path = BookStoreUITests.swift; sourceTree = "<group>"; };
		BA4BDDE02589071C00C91465 /* Info.plist */ = {isa = PBXFileReference; lastKnownFileType = text.plist.xml; path = Info.plist; sourceTree = "<group>"; };
/* End PBXFileReference section */

/* Begin PBXFrameworksBuildPhase section */
		BA4BDDB62589071B00C91465 /* Frameworks */ = {
			isa = PBXFrameworksBuildPhase;
			buildActionMask = 2147483647;
			files = (
			);
			runOnlyForDeploymentPostprocessing = 0;
		};
		BA4BDDCC2589071C00C91465 /* Frameworks */ = {
			isa = PBXFrameworksBuildPhase;
			buildActionMask = 2147483647;
			files = (
			);
			runOnlyForDeploymentPostprocessing = 0;
		};
		BA4BDDD72589071C00C91465 /* Frameworks */ = {
			isa = PBXFrameworksBuildPhase;
			buildActionMask = 2147483647;
			files = (
			);
			runOnlyForDeploymentPostprocessing = 0;
		};
/* End PBXFrameworksBuildPhase section */

/* Begin PBXGroup section */
		BA4BDDB02589071B00C91465 = {
			isa = PBXGroup;
			children = (
				BA4BDDBB2589071B00C91465 /* BookStore */,
				BA4BDDD22589071C00C91465 /* BookStoreTests */,
				BA4BDDDD2589071C00C91465 /* BookStoreUITests */,
				BA4BDDBA2589071B00C91465 /* Products */,
			);
			sourceTree = "<group>";
		};
		BA4BDDBA2589071B00C91465 /* Products */ = {
			isa = PBXGroup;
			children = (
				BA4BDDB92589071B00C91465 /* BookStore.app */,
				BA4BDDCF2589071C00C91465 /* BookStoreTests.xctest */,
				BA4BDDDA2589071C00C91465 /* BookStoreUITests.xctest */,
			);
			name = Products;
			sourceTree = "<group>";
		};
		BA4BDDBB2589071B00C91465 /* BookStore */ = {
			isa = PBXGroup;
			children = (
				BA4BDDBC2589071B00C91465 /* AppDelegate.swift */,
				BA4BDDBE2589071B00C91465 /* SceneDelegate.swift */,
				BA4BDDC02589071B00C91465 /* ViewController.swift */,
				BA4BDDC22589071B00C91465 /* Main.storyboard */,
				BA4BDDC52589071C00C91465 /* Assets.xcassets */,
				BA4BDDC72589071C00C91465 /* LaunchScreen.storyboard */,
				BA4BDDCA2589071C00C91465 /* Info.plist */,
			);
			path = BookStore;
			sourceTree = "<group>";
		};
		BA4BDDD22589071C00C91465 /* BookStoreTests */ = {
			isa = PBXGroup;
			children = (
				BA4BDDD32589071C00C91465 /* BookStoreTests.swift */,
				BA4BDDD52589071C00C91465 /* Info.plist */,
			);
			path = BookStoreTests;
			sourceTree = "<group>";
		};
		BA4BDDDD2589071C00C91465 /* BookStoreUITests */ = {
			isa = PBXGroup;
			children = (
				BA4BDDDE2589071C00C91465 /* BookStoreUITests.swift */,
				BA4BDDE02589071C00C91465 /* Info.plist */,
			);
			path = BookStoreUITests;
			sourceTree = "<group>";
		};
/* End PBXGroup section */

/* Begin PBXNativeTarget section */
		BA4BDDB82589071B00C91465 /* BookStore */ = {
			isa = PBXNativeTarget;
			buildConfigurationList = BA4BDDE32589071C00C91465 /* Build configuration list for PBXNativeTarget "BookStore" */;
			buildPhases = (
				BA4BDDB52589071B00C91465 /* Sources */,
				BA4BDDB62589071B00C91465 /* Frameworks */,
				BA4BDDB72589071B00C91465 /* Resources */,
			);
			buildRules = (
			);
			dependencies = (
			);
			name = BookStore;
			productName = BookStore;
			productReference = BA4BDDB92589071B00C91465 /* BookStore.app */;
			productType = "com.apple.product-type.application";
		};
		BA4BDDCE2589071C00C91465 /* BookStoreTests */ = {
			isa = PBXNativeTarget;
			buildConfigurationList = BA4BDDE62589071C00C91465 /* Build configuration list for PBXNativeTarget "BookStoreTests" */;
			buildPhases = (
				BA4BDDCB2589071C00C91465 /* Sources */,
				BA4BDDCC2589071C00C91465 /* Frameworks */,
				BA4BDDCD2589071C00C91465 /* Resources */,
			);
			buildRules = (
			);
			dependencies = (
				BA4BDDD12589071C00C91465 /* PBXTargetDependency */,
			);
			name = BookStoreTests;
			productName = BookStoreTests;
			productReference = BA4BDDCF2589071C00C91465 /* BookStoreTests.xctest */;
			productType = "com.apple.product-type.bundle.unit-test";
		};
		BA4BDDD92589071C00C91465 /* BookStoreUITests */ = {
			isa = PBXNativeTarget;
			buildConfigurationList = BA4BDDE92589071C00C91465 /* Build configuration list for PBXNativeTarget "BookStoreUITests" */;
			buildPhases = (
				BA4BDDD62589071C00C91465 /* Sources */,
				BA4BDDD72589071C00C91465 /* Frameworks */,
				BA4BDDD82589071C00C91465 /* Resources */,
			);
			buildRules = (
			);
			dependencies = (
				BA4BDDDC2589071C00C91465 /* PBXTargetDependency */,
			);
			name = BookStoreUITests;
			productName = BookStoreUITests;
			productReference = BA4BDDDA2589071C00C91465 /* BookStoreUITests.xctest */;
			productType = "com.apple.product-type.bundle.ui-testing";
		};
/* End PBXNativeTarget section */

/* Begin PBXProject section */
		BA4BDDB12589071B00C91465 /* Project object */ = {
			isa = PBXProject;
			attributes = {
				LastSwiftUpdateCheck = 1220;
				LastUpgradeCheck = 1220;
				TargetAttributes = {
					BA4BDDB82589071B00C91465 = {
						CreatedOnToolsVersion = 12.2;
					};
					BA4BDDCE2589071C00C91465 = {
						CreatedOnToolsVersion = 12.2;
						TestTargetID = BA4BDDB82589071B00C91465;
					};
					BA4BDDD92589071C00C91465 = {
						CreatedOnToolsVersion = 12.2;
						TestTargetID = BA4BDDB82589071B00C91465;
					};
				};
			};
			buildConfigurationList = BA4BDDB42589071B00C91465 /* Build configuration list for PBXProject "BookStore" */;
			compatibilityVersion = "Xcode 9.3";
			developmentRegion = en;
			hasScannedForEncodings = 0;
			knownRegions = (
				en,
				Base,
			);
			mainGroup = BA4BDDB02589071B00C91465;
			productRefGroup = BA4BDDBA2589071B00C91465 /* Products */;
			projectDirPath = "";
			projectRoot = "";
			targets = (
				BA4BDDB82589071B00C91465 /* BookStore */,
				BA4BDDCE2589071C00C91465 /* BookStoreTests */,
				BA4BDDD92589071C00C91465 /* BookStoreUITests */,
			);
		};
/* End PBXProject section */

/* Begin PBXResourcesBuildPhase section */
		BA4BDDB72589071B00C91465 /* Resources */ = {
			isa = PBXResourcesBuildPhase;
			buildActionMask = 2147483647;
			files = (
				BA4BDDC92589071C00C91465 /* LaunchScreen.storyboard in Resources */,
				BA4BDDC62589071C00C91465 /* Assets.xcassets in Resources */,
				BA4BDDC42589071B00C91465 /* Main.storyboard in Resources */,
			);
			runOnlyForDeploymentPostprocessing = 0;
		};
		BA4BDDCD2589071C00C91465 /* Resources */ = {
			isa = PBXResourcesBuildPhase;
			buildActionMask = 2147483647;
			files = (
			);
			runOnlyForDeploymentPostprocessing = 0;
		};
		BA4BDDD82589071C00C91465 /* Resources */ = {
			isa = PBXResourcesBuildPhase;
			buildActionMask = 2147483647;
			files = (
			);
			runOnlyForDeploymentPostprocessing = 0;
		};
/* End PBXResourcesBuildPhase section */

/* Begin PBXSourcesBuildPhase section */
		BA4BDDB52589071B00C91465 /* Sources */ = {
			isa = PBXSourcesBuildPhase;
			buildActionMask = 2147483647;
			files = (
				BA4BDDC12589071B00C91465 /* ViewController.swift in Sources */,
				BA4BDDBD2589071B00C91465 /* AppDelegate.swift in Sources */,
				BA4BDDBF2589071B00C91465 /* SceneDelegate.swift in Sources */,
			);
			runOnlyForDeploymentPostprocessing = 0;
		};
		BA4BDDCB2589071C00C91465 /* Sources */ = {
			isa = PBXSourcesBuildPhase;
			buildActionMask = 2147483647;
			files = (
				BA4BDDD42589071C00C91465 /* BookStoreTests.swift in Sources */,
			);
			runOnlyForDeploymentPostprocessing = 0;
		};
		BA4BDDD62589071C00C91465 /* Sources */ = {
			isa = PBXSourcesBuildPhase;
			buildActionMask = 2147483647;
			files = (
				BA4BDDDF2589071C00C91465 /* BookStoreUITests.swift in Sources */,
			);
			runOnlyForDeploymentPostprocessing = 0;
		};
/* End PBXSourcesBuildPhase section */

/* Begin PBXTargetDependency section */
		BA4BDDD12589071C00C91465 /* PBXTargetDependency */ = {
			isa = PBXTargetDependency;
			target = BA4BDDB82589071B00C91465 /* BookStore */;
			targetProxy = BA4BDDD02589071C00C91465 /* PBXContainerItemProxy */;
		};
		BA4BDDDC2589071C00C91465 /* PBXTargetDependency */ = {
			isa = PBXTargetDependency;
			target = BA4BDDB82589071B00C91465 /* BookStore */;
			targetProxy = BA4BDDDB2589071C00C91465 /* PBXContainerItemProxy */;
		};
/* End PBXTargetDependency section */

/* Begin PBXVariantGroup section */
		BA4BDDC22589071B00C91465 /* Main.storyboard */ = {
			isa = PBXVariantGroup;
			children = (
				BA4BDDC32589071B00C91465 /* Base */,
			);
			name = Main.storyboard;
			sourceTree = "<group>";
		};
		BA4BDDC72589071C00C91465 /* LaunchScreen.storyboard */ = {
			isa = PBXVariantGroup;
			children = (
				BA4BDDC82589071C00C91465 /* Base */,
			);
			name = LaunchScreen.storyboard;
			sourceTree = "<group>";
		};
/* End PBXVariantGroup section */

/* Begin XCBuildConfiguration section */
		BA4BDDE12589071C00C91465 /* Debug */ = {
			isa = XCBuildConfiguration;
			buildSettings = {
				ALWAYS_SEARCH_USER_PATHS = NO;
				CLANG_ANALYZER_NONNULL = YES;
				CLANG_ANALYZER_NUMBER_OBJECT_CONVERSION = YES_AGGRESSIVE;
				CLANG_CXX_LANGUAGE_STANDARD = "gnu++14";
				CLANG_CXX_LIBRARY = "libc++";
				CLANG_ENABLE_MODULES = YES;
				CLANG_ENABLE_OBJC_ARC = YES;
				CLANG_ENABLE_OBJC_WEAK = YES;
				CLANG_WARN_BLOCK_CAPTURE_AUTORELEASING = YES;
				CLANG_WARN_BOOL_CONVERSION = YES;
				CLANG_WARN_COMMA = YES;
				CLANG_WARN_CONSTANT_CONVERSION = YES;
				CLANG_WARN_DEPRECATED_OBJC_IMPLEMENTATIONS = YES;
				CLANG_WARN_DIRECT_OBJC_ISA_USAGE = YES_ERROR;
				CLANG_WARN_DOCUMENTATION_COMMENTS = YES;
				CLANG_WARN_EMPTY_BODY = YES;
				CLANG_WARN_ENUM_CONVERSION = YES;
				CLANG_WARN_INFINITE_RECURSION = YES;
				CLANG_WARN_INT_CONVERSION = YES;
				CLANG_WARN_NON_LITERAL_NULL_CONVERSION = YES;
				CLANG_WARN_OBJC_IMPLICIT_RETAIN_SELF = YES;
				CLANG_WARN_OBJC_LITERAL_CONVERSION = YES;
				CLANG_WARN_OBJC_ROOT_CLASS = YES_ERROR;
				CLANG_WARN_QUOTED_INCLUDE_IN_FRAMEWORK_HEADER = YES;
				CLANG_WARN_RANGE_LOOP_ANALYSIS = YES;
				CLANG_WARN_STRICT_PROTOTYPES = YES;
				CLANG_WARN_SUSPICIOUS_MOVE = YES;
				CLANG_WARN_UNGUARDED_AVAILABILITY = YES_AGGRESSIVE;
				CLANG_WARN_UNREACHABLE_CODE = YES;
				CLANG_WARN__DUPLICATE_METHOD_MATCH = YES;
				COPY_PHASE_STRIP = NO;
				DEBUG_INFORMATION_FORMAT = dwarf;
				ENABLE_STRICT_OBJC_MSGSEND = YES;
				ENABLE_TESTABILITY = YES;
				GCC_C_LANGUAGE_STANDARD = gnu11;
				GCC_DYNAMIC_NO_PIC = NO;
				GCC_NO_COMMON_BLOCKS = YES;
				GCC_OPTIMIZATION_LEVEL = 0;
				GCC_PREPROCESSOR_DEFINITIONS = (
					"DEBUG=1",
					"$(inherited)",
				);
				GCC_WARN_64_TO_32_BIT_CONVERSION = YES;
				GCC_WARN_ABOUT_RETURN_TYPE = YES_ERROR;
				GCC_WARN_UNDECLARED_SELECTOR = YES;
				GCC_WARN_UNINITIALIZED_AUTOS = YES_AGGRESSIVE;
				GCC_WARN_UNUSED_FUNCTION = YES;
				GCC_WARN_UNUSED_VARIABLE = YES;
				IPHONEOS_DEPLOYMENT_TARGET = 14.2;
				MTL_ENABLE_DEBUG_INFO = INCLUDE_SOURCE;
				MTL_FAST_MATH = YES;
				ONLY_ACTIVE_ARCH = YES;
				SDKROOT = iphoneos;
				SWIFT_ACTIVE_COMPILATION_CONDITIONS = DEBUG;
				SWIFT_OPTIMIZATION_LEVEL = "-Onone";
			};
			name = Debug;
		};
		BA4BDDE22589071C00C91465 /* Release */ = {
			isa = XCBuildConfiguration;
			buildSettings = {
				ALWAYS_SEARCH_USER_PATHS = NO;
				CLANG_ANALYZER_NONNULL = YES;
				CLANG_ANALYZER_NUMBER_OBJECT_CONVERSION = YES_AGGRESSIVE;
				CLANG_CXX_LANGUAGE_STANDARD = "gnu++14";
				CLANG_CXX_LIBRARY = "libc++";
				CLANG_ENABLE_MODULES = YES;
				CLANG_ENABLE_OBJC_ARC = YES;
				CLANG_ENABLE_OBJC_WEAK = YES;
				CLANG_WARN_BLOCK_CAPTURE_AUTORELEASING = YES;
				CLANG_WARN_BOOL_CONVERSION = YES;
				CLANG_WARN_COMMA = YES;
				CLANG_WARN_CONSTANT_CONVERSION = YES;
				CLANG_WARN_DEPRECATED_OBJC_IMPLEMENTATIONS = YES;
				CLANG_WARN_DIRECT_OBJC_ISA_USAGE = YES_ERROR;
				CLANG_WARN_DOCUMENTATION_COMMENTS = YES;
				CLANG_WARN_EMPTY_BODY = YES;
				CLANG_WARN_ENUM_CONVERSION = YES;
				CLANG_WARN_INFINITE_RECURSION = YES;
				CLANG_WARN_INT_CONVERSION = YES;
				CLANG_WARN_NON_LITERAL_NULL_CONVERSION = YES;
				CLANG_WARN_OBJC_IMPLICIT_RETAIN_SELF = YES;
				CLANG_WARN_OBJC_LITERAL_CONVERSION = YES;
				CLANG_WARN_OBJC_ROOT_CLASS = YES_ERROR;
				CLANG_WARN_QUOTED_INCLUDE_IN_FRAMEWORK_HEADER = YES;
				CLANG_WARN_RANGE_LOOP_ANALYSIS = YES;
				CLANG_WARN_STRICT_PROTOTYPES = YES;
				CLANG_WARN_SUSPICIOUS_MOVE = YES;
				CLANG_WARN_UNGUARDED_AVAILABILITY = YES_AGGRESSIVE;
				CLANG_WARN_UNREACHABLE_CODE = YES;
				CLANG_WARN__DUPLICATE_METHOD_MATCH = YES;
				COPY_PHASE_STRIP = NO;
				DEBUG_INFORMATION_FORMAT = "dwarf-with-dsym";
				ENABLE_NS_ASSERTIONS = NO;
				ENABLE_STRICT_OBJC_MSGSEND = YES;
				GCC_C_LANGUAGE_STANDARD = gnu11;
				GCC_NO_COMMON_BLOCKS = YES;
				GCC_WARN_64_TO_32_BIT_CONVERSION = YES;
				GCC_WARN_ABOUT_RETURN_TYPE = YES_ERROR;
				GCC_WARN_UNDECLARED_SELECTOR = YES;
				GCC_WARN_UNINITIALIZED_AUTOS = YES_AGGRESSIVE;
				GCC_WARN_UNUSED_FUNCTION = YES;
				GCC_WARN_UNUSED_VARIABLE = YES;
				IPHONEOS_DEPLOYMENT_TARGET = 14.2;
				MTL_ENABLE_DEBUG_INFO = NO;
				MTL_FAST_MATH = YES;
				SDKROOT = iphoneos;
				SWIFT_COMPILATION_MODE = wholemodule;
				SWIFT_OPTIMIZATION_LEVEL = "-O";
				VALIDATE_PRODUCT = YES;
			};
			name = Release;
		};
		BA4BDDE42589071C00C91465 /* Debug */ = {
			isa = XCBuildConfiguration;
			buildSettings = {
				ASSETCATALOG_COMPILER_APPICON_NAME = AppIcon;
				ASSETCATALOG_COMPILER_GLOBAL_ACCENT_COLOR_NAME = AccentColor;
				CODE_SIGN_STYLE = Automatic;
				DEVELOPMENT_TEAM = T798JC75S7;
				INFOPLIST_FILE = BookStore/Info.plist;
				LD_RUNPATH_SEARCH_PATHS = (
					"$(inherited)",
					"@executable_path/Frameworks",
				);
				PRODUCT_BUNDLE_IDENTIFIER = com.kanghoon.BookStore;
				PRODUCT_NAME = "$(TARGET_NAME)";
				SWIFT_VERSION = 5.0;
				TARGETED_DEVICE_FAMILY = "1,2";
			};
			name = Debug;
		};
		BA4BDDE52589071C00C91465 /* Release */ = {
			isa = XCBuildConfiguration;
			buildSettings = {
				ASSETCATALOG_COMPILER_APPICON_NAME = AppIcon;
				ASSETCATALOG_COMPILER_GLOBAL_ACCENT_COLOR_NAME = AccentColor;
				CODE_SIGN_STYLE = Automatic;
				DEVELOPMENT_TEAM = T798JC75S7;
				INFOPLIST_FILE = BookStore/Info.plist;
				LD_RUNPATH_SEARCH_PATHS = (
					"$(inherited)",
					"@executable_path/Frameworks",
				);
				PRODUCT_BUNDLE_IDENTIFIER = com.kanghoon.BookStore;
				PRODUCT_NAME = "$(TARGET_NAME)";
				SWIFT_VERSION = 5.0;
				TARGETED_DEVICE_FAMILY = "1,2";
			};
			name = Release;
		};
		BA4BDDE72589071C00C91465 /* Debug */ = {
			isa = XCBuildConfiguration;
			buildSettings = {
				ALWAYS_EMBED_SWIFT_STANDARD_LIBRARIES = YES;
				BUNDLE_LOADER = "$(TEST_HOST)";
				CODE_SIGN_STYLE = Automatic;
				DEVELOPMENT_TEAM = T798JC75S7;
				INFOPLIST_FILE = BookStoreTests/Info.plist;
				IPHONEOS_DEPLOYMENT_TARGET = 14.2;
				LD_RUNPATH_SEARCH_PATHS = (
					"$(inherited)",
					"@executable_path/Frameworks",
					"@loader_path/Frameworks",
				);
				PRODUCT_BUNDLE_IDENTIFIER = com.kanghoon.BookStoreTests;
				PRODUCT_NAME = "$(TARGET_NAME)";
				SWIFT_VERSION = 5.0;
				TARGETED_DEVICE_FAMILY = "1,2";
				TEST_HOST = "$(BUILT_PRODUCTS_DIR)/BookStore.app/BookStore";
			};
			name = Debug;
		};
		BA4BDDE82589071C00C91465 /* Release */ = {
			isa = XCBuildConfiguration;
			buildSettings = {
				ALWAYS_EMBED_SWIFT_STANDARD_LIBRARIES = YES;
				BUNDLE_LOADER = "$(TEST_HOST)";
				CODE_SIGN_STYLE = Automatic;
				DEVELOPMENT_TEAM = T798JC75S7;
				INFOPLIST_FILE = BookStoreTests/Info.plist;
				IPHONEOS_DEPLOYMENT_TARGET = 14.2;
				LD_RUNPATH_SEARCH_PATHS = (
					"$(inherited)",
					"@executable_path/Frameworks",
					"@loader_path/Frameworks",
				);
				PRODUCT_BUNDLE_IDENTIFIER = com.kanghoon.BookStoreTests;
				PRODUCT_NAME = "$(TARGET_NAME)";
				SWIFT_VERSION = 5.0;
				TARGETED_DEVICE_FAMILY = "1,2";
				TEST_HOST = "$(BUILT_PRODUCTS_DIR)/BookStore.app/BookStore";
			};
			name = Release;
		};
		BA4BDDEA2589071C00C91465 /* Debug */ = {
			isa = XCBuildConfiguration;
			buildSettings = {
				ALWAYS_EMBED_SWIFT_STANDARD_LIBRARIES = YES;
				CODE_SIGN_STYLE = Automatic;
				DEVELOPMENT_TEAM = T798JC75S7;
				INFOPLIST_FILE = BookStoreUITests/Info.plist;
				LD_RUNPATH_SEARCH_PATHS = (
					"$(inherited)",
					"@executable_path/Frameworks",
					"@loader_path/Frameworks",
				);
				PRODUCT_BUNDLE_IDENTIFIER = com.kanghoon.BookStoreUITests;
				PRODUCT_NAME = "$(TARGET_NAME)";
				SWIFT_VERSION = 5.0;
				TARGETED_DEVICE_FAMILY = "1,2";
				TEST_TARGET_NAME = BookStore;
			};
			name = Debug;
		};
		BA4BDDEB2589071C00C91465 /* Release */ = {
			isa = XCBuildConfiguration;
			buildSettings = {
				ALWAYS_EMBED_SWIFT_STANDARD_LIBRARIES = YES;
				CODE_SIGN_STYLE = Automatic;
				DEVELOPMENT_TEAM = T798JC75S7;
				INFOPLIST_FILE = BookStoreUITests/Info.plist;
				LD_RUNPATH_SEARCH_PATHS = (
					"$(inherited)",
					"@executable_path/Frameworks",
					"@loader_path/Frameworks",
				);
				PRODUCT_BUNDLE_IDENTIFIER = com.kanghoon.BookStoreUITests;
				PRODUCT_NAME = "$(TARGET_NAME)";
				SWIFT_VERSION = 5.0;
				TARGETED_DEVICE_FAMILY = "1,2";
				TEST_TARGET_NAME = BookStore;
			};
			name = Release;
		};
/* End XCBuildConfiguration section */

/* Begin XCConfigurationList section */
		BA4BDDB42589071B00C91465 /* Build configuration list for PBXProject "BookStore" */ = {
			isa = XCConfigurationList;
			buildConfigurations = (
				BA4BDDE12589071C00C91465 /* Debug */,
				BA4BDDE22589071C00C91465 /* Release */,
			);
			defaultConfigurationIsVisible = 0;
			defaultConfigurationName = Release;
		};
		BA4BDDE32589071C00C91465 /* Build configuration list for PBXNativeTarget "BookStore" */ = {
			isa = XCConfigurationList;
			buildConfigurations = (
				BA4BDDE42589071C00C91465 /* Debug */,
				BA4BDDE52589071C00C91465 /* Release */,
			);
			defaultConfigurationIsVisible = 0;
			defaultConfigurationName = Release;
		};
		BA4BDDE62589071C00C91465 /* Build configuration list for PBXNativeTarget "BookStoreTests" */ = {
			isa = XCConfigurationList;
			buildConfigurations = (
				BA4BDDE72589071C00C91465 /* Debug */,
				BA4BDDE82589071C00C91465 /* Release */,
			);
			defaultConfigurationIsVisible = 0;
			defaultConfigurationName = Release;
		};
		BA4BDDE92589071C00C91465 /* Build configuration list for PBXNativeTarget "BookStoreUITests" */ = {
			isa = XCConfigurationList;
			buildConfigurations = (
				BA4BDDEA2589071C00C91465 /* Debug */,
				BA4BDDEB2589071C00C91465 /* Release */,
			);
			defaultConfigurationIsVisible = 0;
			defaultConfigurationName = Release;
		};
/* End XCConfigurationList section */
	};
	rootObject = BA4BDDB12589071B00C91465 /* Project object */;
}
